
Microsoft Visual Studio Solution File, Format Version 12.00
# Visual Studio Version 17
VisualStudioVersion = 17.8.34316.72
MinimumVisualStudioVersion = 10.0.40219.1
Project("{FAE04EC0-301F-11D3-BF4B-00C04F79EFBC}") = "reservations", "reservations\reservations.csproj", "{078F15CB-DCC8-43FB-B272-B5FAC675A79A}"
EndProject
Global
	GlobalSection(SolutionConfigurationPlatforms) = preSolution
		Debug|Any CPU = Debug|Any CPU
		Release|Any CPU = Release|Any CPU
	EndGlobalSection
	GlobalSection(ProjectConfigurationPlatforms) = postSolution
		{078F15CB-DCC8-43FB-B272-B5FAC675A79A}.Debug|Any CPU.ActiveCfg = Debug|Any CPU
		{078F15CB-DCC8-43FB-B272-B5FAC675A79A}.Debug|Any CPU.Build.0 = Debug|Any CPU
		{078F15CB-DCC8-43FB-B272-B5FAC675A79A}.Release|Any CPU.ActiveCfg = Release|Any CPU
		{078F15CB-DCC8-43FB-B272-B5FAC675A79A}.Release|Any CPU.Build.0 = Release|Any CPU
	EndGlobalSection
	GlobalSection(SolutionProperties) = preSolution
		HideSolutionNode = FALSE
	EndGlobalSection
	GlobalSection(ExtensibilityGlobals) = postSolution
		SolutionGuid = {599D7F69-CA2E-469E-8D78-E68F5D1E1DB6}
	EndGlobalSection
EndGlobal
